
Microsoft Visual Studio Solution File, Format Version 12.00
# Visual Studio Version 16
VisualStudioVersion = 16.0.31129.286
MinimumVisualStudioVersion = 10.0.40219.1
Project("{FAE04EC0-301F-11D3-BF4B-00C04F79EFBC}") = "AccuWeatherConsole", "AccuWeatherConsole.csproj", "{04B0DE08-F06C-42F2-8D28-C6DCBF39EF64}"
EndProject
Global
	GlobalSection(SolutionConfigurationPlatforms) = preSolution
		Debug|Any CPU = Debug|Any CPU
		Release|Any CPU = Release|Any CPU
	EndGlobalSection
	GlobalSection(ProjectConfigurationPlatforms) = postSolution
		{04B0DE08-F06C-42F2-8D28-C6DCBF39EF64}.Debug|Any CPU.ActiveCfg = Debug|Any CPU
		{04B0DE08-F06C-42F2-8D28-C6DCBF39EF64}.Debug|Any CPU.Build.0 = Debug|Any CPU
		{04B0DE08-F06C-42F2-8D28-C6DCBF39EF64}.Release|Any CPU.ActiveCfg = Release|Any CPU
		{04B0DE08-F06C-42F2-8D28-C6DCBF39EF64}.Release|Any CPU.Build.0 = Release|Any CPU
	EndGlobalSection
	GlobalSection(SolutionProperties) = preSolution
		HideSolutionNode = FALSE
	EndGlobalSection
	GlobalSection(ExtensibilityGlobals) = postSolution
		SolutionGuid = {41D19515-73DE-4483-AA38-917D3A1E2492}
	EndGlobalSection
EndGlobal
